
Microsoft Visual Studio Solution File, Format Version 12.00
# Visual Studio Version 16
VisualStudioVersion = 16.0.29806.167
MinimumVisualStudioVersion = 15.0.26124.0
Project("{9A19103F-16F7-4668-BE54-9A1E7A4F7556}") = "Application", "Application\Application.csproj", "{42BA6191-31AB-49CE-84A9-1EA96EA198D2}"
EndProject
Project("{9A19103F-16F7-4668-BE54-9A1E7A4F7556}") = "Domain", "Domain\Domain.csproj", "{352E5329-4064-47AA-9C6B-CEC12C11F372}"
EndProject
Project("{9A19103F-16F7-4668-BE54-9A1E7A4F7556}") = "Persistence", "Persistence\Persistence.csproj", "{A63777DA-0E81-4F6B-967C-011E32970D74}"
EndProject
Project("{9A19103F-16F7-4668-BE54-9A1E7A4F7556}") = "Api", "Api\Api.csproj", "{BB26F516-BBEF-4B88-8C46-7DC4D2B08351}"
EndProject
Global
	GlobalSection(SolutionConfigurationPlatforms) = preSolution
		Debug|Any CPU = Debug|Any CPU
		Debug|x64 = Debug|x64
		Debug|x86 = Debug|x86
		Release|Any CPU = Release|Any CPU
		Release|x64 = Release|x64
		Release|x86 = Release|x86
	EndGlobalSection
	GlobalSection(ProjectConfigurationPlatforms) = postSolution
		{42BA6191-31AB-49CE-84A9-1EA96EA198D2}.Debug|Any CPU.ActiveCfg = Debug|Any CPU
		{42BA6191-31AB-49CE-84A9-1EA96EA198D2}.Debug|Any CPU.Build.0 = Debug|Any CPU
		{42BA6191-31AB-49CE-84A9-1EA96EA198D2}.Debug|x64.ActiveCfg = Debug|Any CPU
		{42BA6191-31AB-49CE-84A9-1EA96EA198D2}.Debug|x64.Build.0 = Debug|Any CPU
		{42BA6191-31AB-49CE-84A9-1EA96EA198D2}.Debug|x86.ActiveCfg = Debug|Any CPU
		{42BA6191-31AB-49CE-84A9-1EA96EA198D2}.Debug|x86.Build.0 = Debug|Any CPU
		{42BA6191-31AB-49CE-84A9-1EA96EA198D2}.Release|Any CPU.ActiveCfg = Release|Any CPU
		{42BA6191-31AB-49CE-84A9-1EA96EA198D2}.Release|Any CPU.Build.0 = Release|Any CPU
		{42BA6191-31AB-49CE-84A9-1EA96EA198D2}.Release|x64.ActiveCfg = Release|Any CPU
		{42BA6191-31AB-49CE-84A9-1EA96EA198D2}.Release|x64.Build.0 = Release|Any CPU
		{42BA6191-31AB-49CE-84A9-1EA96EA198D2}.Release|x86.ActiveCfg = Release|Any CPU
		{42BA6191-31AB-49CE-84A9-1EA96EA198D2}.Release|x86.Build.0 = Release|Any CPU
		{352E5329-4064-47AA-9C6B-CEC12C11F372}.Debug|Any CPU.ActiveCfg = Debug|Any CPU
		{352E5329-4064-47AA-9C6B-CEC12C11F372}.Debug|Any CPU.Build.0 = Debug|Any CPU
		{352E5329-4064-47AA-9C6B-CEC12C11F372}.Debug|x64.ActiveCfg = Debug|Any CPU
		{352E5329-4064-47AA-9C6B-CEC12C11F372}.Debug|x64.Build.0 = Debug|Any CPU
		{352E5329-4064-47AA-9C6B-CEC12C11F372}.Debug|x86.ActiveCfg = Debug|Any CPU
		{352E5329-4064-47AA-9C6B-CEC12C11F372}.Debug|x86.Build.0 = Debug|Any CPU
		{352E5329-4064-47AA-9C6B-CEC12C11F372}.Release|Any CPU.ActiveCfg = Release|Any CPU
		{352E5329-4064-47AA-9C6B-CEC12C11F372}.Release|Any CPU.Build.0 = Release|Any CPU
		{352E5329-4064-47AA-9C6B-CEC12C11F372}.Release|x64.ActiveCfg = Release|Any CPU
		{352E5329-4064-47AA-9C6B-CEC12C11F372}.Release|x64.Build.0 = Release|Any CPU
		{352E5329-4064-47AA-9C6B-CEC12C11F372}.Release|x86.ActiveCfg = Release|Any CPU
		{352E5329-4064-47AA-9C6B-CEC12C11F372}.Release|x86.Build.0 = Release|Any CPU
		{A63777DA-0E81-4F6B-967C-011E32970D74}.Debug|Any CPU.ActiveCfg = Debug|Any CPU
		{A63777DA-0E81-4F6B-967C-011E32970D74}.Debug|Any CPU.Build.0 = Debug|Any CPU
		{A63777DA-0E81-4F6B-967C-011E32970D74}.Debug|x64.ActiveCfg = Debug|Any CPU
		{A63777DA-0E81-4F6B-967C-011E32970D74}.Debug|x64.Build.0 = Debug|Any CPU
		{A63777DA-0E81-4F6B-967C-011E32970D74}.Debug|x86.ActiveCfg = Debug|Any CPU
		{A63777DA-0E81-4F6B-967C-011E32970D74}.Debug|x86.Build.0 = Debug|Any CPU
		{A63777DA-0E81-4F6B-967C-011E32970D74}.Release|Any CPU.ActiveCfg = Release|Any CPU
		{A63777DA-0E81-4F6B-967C-011E32970D74}.Release|Any CPU.Build.0 = Release|Any CPU
		{A63777DA-0E81-4F6B-967C-011E32970D74}.Release|x64.ActiveCfg = Release|Any CPU
		{A63777DA-0E81-4F6B-967C-011E32970D74}.Release|x64.Build.0 = Release|Any CPU
		{A63777DA-0E81-4F6B-967C-011E32970D74}.Release|x86.ActiveCfg = Release|Any CPU
		{A63777DA-0E81-4F6B-967C-011E32970D74}.Release|x86.Build.0 = Release|Any CPU
		{BB26F516-BBEF-4B88-8C46-7DC4D2B08351}.Debug|Any CPU.ActiveCfg = Debug|Any CPU
		{BB26F516-BBEF-4B88-8C46-7DC4D2B08351}.Debug|Any CPU.Build.0 = Debug|Any CPU
		{BB26F516-BBEF-4B88-8C46-7DC4D2B08351}.Debug|x64.ActiveCfg = Debug|Any CPU
		{BB26F516-BBEF-4B88-8C46-7DC4D2B08351}.Debug|x64.Build.0 = Debug|Any CPU
		{BB26F516-BBEF-4B88-8C46-7DC4D2B08351}.Debug|x86.ActiveCfg = Debug|Any CPU
		{BB26F516-BBEF-4B88-8C46-7DC4D2B08351}.Debug|x86.Build.0 = Debug|Any CPU
		{BB26F516-BBEF-4B88-8C46-7DC4D2B08351}.Release|Any CPU.ActiveCfg = Release|Any CPU
		{BB26F516-BBEF-4B88-8C46-7DC4D2B08351}.Release|Any CPU.Build.0 = Release|Any CPU
		{BB26F516-BBEF-4B88-8C46-7DC4D2B08351}.Release|x64.ActiveCfg = Release|Any CPU
		{BB26F516-BBEF-4B88-8C46-7DC4D2B08351}.Release|x64.Build.0 = Release|Any CPU
		{BB26F516-BBEF-4B88-8C46-7DC4D2B08351}.Release|x86.ActiveCfg = Release|Any CPU
		{BB26F516-BBEF-4B88-8C46-7DC4D2B08351}.Release|x86.Build.0 = Release|Any CPU
	EndGlobalSection
	GlobalSection(SolutionProperties) = preSolution
		HideSolutionNode = FALSE
	EndGlobalSection
	GlobalSection(ExtensibilityGlobals) = postSolution
		SolutionGuid = {D9D924E9-4A98-4A0C-83A9-52D14801E8CD}
	EndGlobalSection
EndGlobal
